
Microsoft Visual Studio Solution File, Format Version 12.00
# Visual Studio 2012
Project("{2150E333-8FDC-42A3-9474-1A3956D46DE8}") = "Solution Items", "Solution Items", "{1C901DA4-B009-4E07-895D-247E02AD9AF5}"
	ProjectSection(SolutionItems) = preProject
		..\Changelog.txt = ..\Changelog.txt
	EndProjectSection
EndProject
Project("{FAE04EC0-301F-11D3-BF4B-00C04F79EFBC}") = "SpawnBot", "SpawnBot.csproj", "{C98DBFCB-7D6D-41D6-A9F8-D769951CF9D1}"
EndProject
Project("{FAE04EC0-301F-11D3-BF4B-00C04F79EFBC}") = "SBPluginInterface", "..\SBPluginInterface\SBPluginInterface.csproj", "{8CFEF42B-B9DB-41F1-8CC9-DA996D3C44DD}"
EndProject
Project("{FAE04EC0-301F-11D3-BF4B-00C04F79EFBC}") = "xLogger", "..\xLogger\xLogger.csproj", "{A02DD804-6CAD-4D4A-BAC4-2569128AF8DA}"
EndProject
Project("{FAE04EC0-301F-11D3-BF4B-00C04F79EFBC}") = "SBTwitter", "..\SBTwitter\SBTwitter.csproj", "{E3705CA4-0588-4B72-BD5D-6EC5D8AEE6A8}"
EndProject
Project("{FAE04EC0-301F-11D3-BF4B-00C04F79EFBC}") = "SBGrammarNazi", "..\SBGrammarNazi\SBGrammarNazi.csproj", "{A8167432-C7FB-440B-8A34-341983853A8A}"
EndProject
Project("{FAE04EC0-301F-11D3-BF4B-00C04F79EFBC}") = "SBTitler", "..\SBTitler\SBTitler.csproj", "{0396691C-D537-47EB-B9F5-644E6BAFEDBA}"
EndProject
Project("{FAE04EC0-301F-11D3-BF4B-00C04F79EFBC}") = "SBDice", "..\SBDice\SBDice.csproj", "{3270DF4F-E55E-4474-A4E3-1038D6A163F6}"
EndProject
Project("{FAE04EC0-301F-11D3-BF4B-00C04F79EFBC}") = "SBSpawnPlugins", "..\SBSpawnPlugins\SBSpawnPlugins.csproj", "{9B5C3B5D-E602-41F8-A452-857127F55E04}"
EndProject
Project("{FAE04EC0-301F-11D3-BF4B-00C04F79EFBC}") = "SBInsult", "..\SBInsult\SBInsult.csproj", "{B72A4083-7C22-4D2F-BC96-861D5A7C8E64}"
EndProject
Project("{FAE04EC0-301F-11D3-BF4B-00C04F79EFBC}") = "SBUserManager", "..\SBUserManager\SBUserManager.csproj", "{CA979D6D-1C0B-41FF-BCCF-A1ACAA356387}"
EndProject
Project("{FAE04EC0-301F-11D3-BF4B-00C04F79EFBC}") = "SBLetsPlayList", "..\SBLetsPlayList\SBLetsPlayList.csproj", "{1EB155A8-C5CB-40BD-A863-546D0741A58A}"
EndProject
Project("{FAE04EC0-301F-11D3-BF4B-00C04F79EFBC}") = "SBGameSales", "..\SBGameSales\SBGameSales.csproj", "{766BBD31-E81A-4CDE-A4BF-D8346BCE7027}"
EndProject
Project("{FAE04EC0-301F-11D3-BF4B-00C04F79EFBC}") = "xIrcNet", "..\xIrcNet\xIrcNet.csproj", "{E4E51BD6-F5D6-42ED-B9B0-36D15580433B}"
EndProject
Project("{FAE04EC0-301F-11D3-BF4B-00C04F79EFBC}") = "SBMindcrack", "..\SBMindcrack\SBMindcrack.csproj", "{09FDA3B5-B6FE-473A-9AA1-6FC60783DA3F}"
EndProject
Project("{FAE04EC0-301F-11D3-BF4B-00C04F79EFBC}") = "ConfigManager", "..\ConfigManager\ConfigManager.csproj", "{A9380850-363A-4AC8-BB2D-C6C3D30EECB6}"
EndProject
Project("{FAE04EC0-301F-11D3-BF4B-00C04F79EFBC}") = "SBTardcords", "..\SBTardcords\SBTardcords.csproj", "{62BCD20A-1CD3-4874-A3D6-FBD102703CF8}"
EndProject
Project("{FAE04EC0-301F-11D3-BF4B-00C04F79EFBC}") = "SBQuake", "..\SBQuake\SBQuake.csproj", "{35059CF3-B4F9-4FB7-8AA9-EAA1304C79A7}"
EndProject
Project("{FAE04EC0-301F-11D3-BF4B-00C04F79EFBC}") = "SBLinkCommands", "..\SBLinkCommands\SBLinkCommands.csproj", "{B93553C7-6C17-4702-B143-8B1A64A1DA34}"
EndProject
Project("{FAE04EC0-301F-11D3-BF4B-00C04F79EFBC}") = "SBScience", "..\SBScience\SBScience.csproj", "{DFD10403-4B3A-4781-864E-538486410541}"
EndProject
Project("{FAE04EC0-301F-11D3-BF4B-00C04F79EFBC}") = "SBLists", "..\SBLists\SBLists.csproj", "{73F55F48-2657-4A4B-9FCC-58C0E5C7B780}"
EndProject
Project("{FAE04EC0-301F-11D3-BF4B-00C04F79EFBC}") = "SBProtect", "..\SBProtect\SBProtect.csproj", "{B0C6408F-7177-4606-BD10-EF1C0E4269BE}"
EndProject
Project("{FAE04EC0-301F-11D3-BF4B-00C04F79EFBC}") = "SBTimegiver", "..\SBTimegiver\SBTimegiver.csproj", "{6AB2D913-6A94-4296-BD3B-94F045A4BD70}"
EndProject
Project("{FAE04EC0-301F-11D3-BF4B-00C04F79EFBC}") = "SBTimer", "SBTimer\SBTimer.csproj", "{1F983DB3-92B0-4B10-8CEA-27EADAFEFA71}"
EndProject
Global
	GlobalSection(SolutionConfigurationPlatforms) = preSolution
		Debug|Any CPU = Debug|Any CPU
		Release|Any CPU = Release|Any CPU
	EndGlobalSection
	GlobalSection(ProjectConfigurationPlatforms) = postSolution
		{C98DBFCB-7D6D-41D6-A9F8-D769951CF9D1}.Debug|Any CPU.ActiveCfg = Debug|Any CPU
		{C98DBFCB-7D6D-41D6-A9F8-D769951CF9D1}.Debug|Any CPU.Build.0 = Debug|Any CPU
		{C98DBFCB-7D6D-41D6-A9F8-D769951CF9D1}.Release|Any CPU.ActiveCfg = Release|Any CPU
		{C98DBFCB-7D6D-41D6-A9F8-D769951CF9D1}.Release|Any CPU.Build.0 = Release|Any CPU
		{8CFEF42B-B9DB-41F1-8CC9-DA996D3C44DD}.Debug|Any CPU.ActiveCfg = Debug|Any CPU
		{8CFEF42B-B9DB-41F1-8CC9-DA996D3C44DD}.Debug|Any CPU.Build.0 = Debug|Any CPU
		{8CFEF42B-B9DB-41F1-8CC9-DA996D3C44DD}.Release|Any CPU.ActiveCfg = Release|Any CPU
		{8CFEF42B-B9DB-41F1-8CC9-DA996D3C44DD}.Release|Any CPU.Build.0 = Release|Any CPU
		{A02DD804-6CAD-4D4A-BAC4-2569128AF8DA}.Debug|Any CPU.ActiveCfg = Debug|Any CPU
		{A02DD804-6CAD-4D4A-BAC4-2569128AF8DA}.Debug|Any CPU.Build.0 = Debug|Any CPU
		{A02DD804-6CAD-4D4A-BAC4-2569128AF8DA}.Release|Any CPU.ActiveCfg = Release|Any CPU
		{A02DD804-6CAD-4D4A-BAC4-2569128AF8DA}.Release|Any CPU.Build.0 = Release|Any CPU
		{E3705CA4-0588-4B72-BD5D-6EC5D8AEE6A8}.Debug|Any CPU.ActiveCfg = Debug|Any CPU
		{E3705CA4-0588-4B72-BD5D-6EC5D8AEE6A8}.Debug|Any CPU.Build.0 = Debug|Any CPU
		{E3705CA4-0588-4B72-BD5D-6EC5D8AEE6A8}.Release|Any CPU.ActiveCfg = Release|Any CPU
		{E3705CA4-0588-4B72-BD5D-6EC5D8AEE6A8}.Release|Any CPU.Build.0 = Release|Any CPU
		{A8167432-C7FB-440B-8A34-341983853A8A}.Debug|Any CPU.ActiveCfg = Debug|Any CPU
		{A8167432-C7FB-440B-8A34-341983853A8A}.Debug|Any CPU.Build.0 = Debug|Any CPU
		{A8167432-C7FB-440B-8A34-341983853A8A}.Release|Any CPU.ActiveCfg = Release|Any CPU
		{A8167432-C7FB-440B-8A34-341983853A8A}.Release|Any CPU.Build.0 = Release|Any CPU
		{0396691C-D537-47EB-B9F5-644E6BAFEDBA}.Debug|Any CPU.ActiveCfg = Debug|Any CPU
		{0396691C-D537-47EB-B9F5-644E6BAFEDBA}.Debug|Any CPU.Build.0 = Debug|Any CPU
		{0396691C-D537-47EB-B9F5-644E6BAFEDBA}.Release|Any CPU.ActiveCfg = Release|Any CPU
		{0396691C-D537-47EB-B9F5-644E6BAFEDBA}.Release|Any CPU.Build.0 = Release|Any CPU
		{3270DF4F-E55E-4474-A4E3-1038D6A163F6}.Debug|Any CPU.ActiveCfg = Debug|Any CPU
		{3270DF4F-E55E-4474-A4E3-1038D6A163F6}.Debug|Any CPU.Build.0 = Debug|Any CPU
		{3270DF4F-E55E-4474-A4E3-1038D6A163F6}.Release|Any CPU.ActiveCfg = Release|Any CPU
		{3270DF4F-E55E-4474-A4E3-1038D6A163F6}.Release|Any CPU.Build.0 = Release|Any CPU
		{9B5C3B5D-E602-41F8-A452-857127F55E04}.Debug|Any CPU.ActiveCfg = Debug|Any CPU
		{9B5C3B5D-E602-41F8-A452-857127F55E04}.Debug|Any CPU.Build.0 = Debug|Any CPU
		{9B5C3B5D-E602-41F8-A452-857127F55E04}.Release|Any CPU.ActiveCfg = Release|Any CPU
		{9B5C3B5D-E602-41F8-A452-857127F55E04}.Release|Any CPU.Build.0 = Release|Any CPU
		{B72A4083-7C22-4D2F-BC96-861D5A7C8E64}.Debug|Any CPU.ActiveCfg = Debug|Any CPU
		{B72A4083-7C22-4D2F-BC96-861D5A7C8E64}.Debug|Any CPU.Build.0 = Debug|Any CPU
		{B72A4083-7C22-4D2F-BC96-861D5A7C8E64}.Release|Any CPU.ActiveCfg = Release|Any CPU
		{B72A4083-7C22-4D2F-BC96-861D5A7C8E64}.Release|Any CPU.Build.0 = Release|Any CPU
		{CA979D6D-1C0B-41FF-BCCF-A1ACAA356387}.Debug|Any CPU.ActiveCfg = Debug|Any CPU
		{CA979D6D-1C0B-41FF-BCCF-A1ACAA356387}.Debug|Any CPU.Build.0 = Debug|Any CPU
		{CA979D6D-1C0B-41FF-BCCF-A1ACAA356387}.Release|Any CPU.ActiveCfg = Release|Any CPU
		{CA979D6D-1C0B-41FF-BCCF-A1ACAA356387}.Release|Any CPU.Build.0 = Release|Any CPU
		{1EB155A8-C5CB-40BD-A863-546D0741A58A}.Debug|Any CPU.ActiveCfg = Debug|Any CPU
		{1EB155A8-C5CB-40BD-A863-546D0741A58A}.Debug|Any CPU.Build.0 = Debug|Any CPU
		{1EB155A8-C5CB-40BD-A863-546D0741A58A}.Release|Any CPU.ActiveCfg = Release|Any CPU
		{1EB155A8-C5CB-40BD-A863-546D0741A58A}.Release|Any CPU.Build.0 = Release|Any CPU
		{766BBD31-E81A-4CDE-A4BF-D8346BCE7027}.Debug|Any CPU.ActiveCfg = Debug|Any CPU
		{766BBD31-E81A-4CDE-A4BF-D8346BCE7027}.Debug|Any CPU.Build.0 = Debug|Any CPU
		{766BBD31-E81A-4CDE-A4BF-D8346BCE7027}.Release|Any CPU.ActiveCfg = Release|Any CPU
		{766BBD31-E81A-4CDE-A4BF-D8346BCE7027}.Release|Any CPU.Build.0 = Release|Any CPU
		{E4E51BD6-F5D6-42ED-B9B0-36D15580433B}.Debug|Any CPU.ActiveCfg = Debug|Any CPU
		{E4E51BD6-F5D6-42ED-B9B0-36D15580433B}.Debug|Any CPU.Build.0 = Debug|Any CPU
		{E4E51BD6-F5D6-42ED-B9B0-36D15580433B}.Release|Any CPU.ActiveCfg = Release|Any CPU
		{E4E51BD6-F5D6-42ED-B9B0-36D15580433B}.Release|Any CPU.Build.0 = Release|Any CPU
		{09FDA3B5-B6FE-473A-9AA1-6FC60783DA3F}.Debug|Any CPU.ActiveCfg = Debug|Any CPU
		{09FDA3B5-B6FE-473A-9AA1-6FC60783DA3F}.Debug|Any CPU.Build.0 = Debug|Any CPU
		{09FDA3B5-B6FE-473A-9AA1-6FC60783DA3F}.Release|Any CPU.ActiveCfg = Release|Any CPU
		{09FDA3B5-B6FE-473A-9AA1-6FC60783DA3F}.Release|Any CPU.Build.0 = Release|Any CPU
		{A9380850-363A-4AC8-BB2D-C6C3D30EECB6}.Debug|Any CPU.ActiveCfg = Debug|Any CPU
		{A9380850-363A-4AC8-BB2D-C6C3D30EECB6}.Debug|Any CPU.Build.0 = Debug|Any CPU
		{A9380850-363A-4AC8-BB2D-C6C3D30EECB6}.Release|Any CPU.ActiveCfg = Release|Any CPU
		{A9380850-363A-4AC8-BB2D-C6C3D30EECB6}.Release|Any CPU.Build.0 = Release|Any CPU
		{62BCD20A-1CD3-4874-A3D6-FBD102703CF8}.Debug|Any CPU.ActiveCfg = Debug|Any CPU
		{62BCD20A-1CD3-4874-A3D6-FBD102703CF8}.Debug|Any CPU.Build.0 = Debug|Any CPU
		{62BCD20A-1CD3-4874-A3D6-FBD102703CF8}.Release|Any CPU.ActiveCfg = Release|Any CPU
		{62BCD20A-1CD3-4874-A3D6-FBD102703CF8}.Release|Any CPU.Build.0 = Release|Any CPU
		{35059CF3-B4F9-4FB7-8AA9-EAA1304C79A7}.Debug|Any CPU.ActiveCfg = Debug|Any CPU
		{35059CF3-B4F9-4FB7-8AA9-EAA1304C79A7}.Debug|Any CPU.Build.0 = Debug|Any CPU
		{35059CF3-B4F9-4FB7-8AA9-EAA1304C79A7}.Release|Any CPU.ActiveCfg = Release|Any CPU
		{35059CF3-B4F9-4FB7-8AA9-EAA1304C79A7}.Release|Any CPU.Build.0 = Release|Any CPU
		{B93553C7-6C17-4702-B143-8B1A64A1DA34}.Debug|Any CPU.ActiveCfg = Debug|Any CPU
		{B93553C7-6C17-4702-B143-8B1A64A1DA34}.Debug|Any CPU.Build.0 = Debug|Any CPU
		{B93553C7-6C17-4702-B143-8B1A64A1DA34}.Release|Any CPU.ActiveCfg = Release|Any CPU
		{B93553C7-6C17-4702-B143-8B1A64A1DA34}.Release|Any CPU.Build.0 = Release|Any CPU
		{DFD10403-4B3A-4781-864E-538486410541}.Debug|Any CPU.ActiveCfg = Debug|Any CPU
		{DFD10403-4B3A-4781-864E-538486410541}.Debug|Any CPU.Build.0 = Debug|Any CPU
		{DFD10403-4B3A-4781-864E-538486410541}.Release|Any CPU.ActiveCfg = Release|Any CPU
		{DFD10403-4B3A-4781-864E-538486410541}.Release|Any CPU.Build.0 = Release|Any CPU
		{73F55F48-2657-4A4B-9FCC-58C0E5C7B780}.Debug|Any CPU.ActiveCfg = Debug|Any CPU
		{73F55F48-2657-4A4B-9FCC-58C0E5C7B780}.Debug|Any CPU.Build.0 = Debug|Any CPU
		{73F55F48-2657-4A4B-9FCC-58C0E5C7B780}.Release|Any CPU.ActiveCfg = Release|Any CPU
		{73F55F48-2657-4A4B-9FCC-58C0E5C7B780}.Release|Any CPU.Build.0 = Release|Any CPU
		{B0C6408F-7177-4606-BD10-EF1C0E4269BE}.Debug|Any CPU.ActiveCfg = Debug|Any CPU
		{B0C6408F-7177-4606-BD10-EF1C0E4269BE}.Debug|Any CPU.Build.0 = Debug|Any CPU
		{B0C6408F-7177-4606-BD10-EF1C0E4269BE}.Release|Any CPU.ActiveCfg = Release|Any CPU
		{B0C6408F-7177-4606-BD10-EF1C0E4269BE}.Release|Any CPU.Build.0 = Release|Any CPU
		{6AB2D913-6A94-4296-BD3B-94F045A4BD70}.Debug|Any CPU.ActiveCfg = Debug|Any CPU
		{6AB2D913-6A94-4296-BD3B-94F045A4BD70}.Debug|Any CPU.Build.0 = Debug|Any CPU
		{6AB2D913-6A94-4296-BD3B-94F045A4BD70}.Release|Any CPU.ActiveCfg = Release|Any CPU
		{6AB2D913-6A94-4296-BD3B-94F045A4BD70}.Release|Any CPU.Build.0 = Release|Any CPU
		{1F983DB3-92B0-4B10-8CEA-27EADAFEFA71}.Debug|Any CPU.ActiveCfg = Debug|Any CPU
		{1F983DB3-92B0-4B10-8CEA-27EADAFEFA71}.Debug|Any CPU.Build.0 = Debug|Any CPU
		{1F983DB3-92B0-4B10-8CEA-27EADAFEFA71}.Release|Any CPU.ActiveCfg = Release|Any CPU
		{1F983DB3-92B0-4B10-8CEA-27EADAFEFA71}.Release|Any CPU.Build.0 = Release|Any CPU
	EndGlobalSection
	GlobalSection(SolutionProperties) = preSolution
		HideSolutionNode = FALSE
	EndGlobalSection
EndGlobal
