
Microsoft Visual Studio Solution File, Format Version 10.00
# Visual Studio 2008
Project("{FAE04EC0-301F-11D3-BF4B-00C04F79EFBC}") = "SpawnBot", "SpawnBot.csproj", "{C98DBFCB-7D6D-41D6-A9F8-D769951CF9D1}"
EndProject
Project("{FAE04EC0-301F-11D3-BF4B-00C04F79EFBC}") = "SBPluginInterface", "..\SBPluginInterface\SBPluginInterface.csproj", "{8CFEF42B-B9DB-41F1-8CC9-DA996D3C44DD}"
EndProject
Project("{FAE04EC0-301F-11D3-BF4B-00C04F79EFBC}") = "xLogger", "..\xLogger\xLogger.csproj", "{A02DD804-6CAD-4D4A-BAC4-2569128AF8DA}"
EndProject
Project("{FAE04EC0-301F-11D3-BF4B-00C04F79EFBC}") = "SBTwitter", "..\SBTwitter\SBTwitter.csproj", "{E3705CA4-0588-4B72-BD5D-6EC5D8AEE6A8}"
EndProject
Project("{FAE04EC0-301F-11D3-BF4B-00C04F79EFBC}") = "SBGrammarNazi", "..\SBGrammarNazi\SBGrammarNazi.csproj", "{A8167432-C7FB-440B-8A34-341983853A8A}"
EndProject
Project("{FAE04EC0-301F-11D3-BF4B-00C04F79EFBC}") = "SBTitler", "..\SBTitler\SBTitler.csproj", "{0396691C-D537-47EB-B9F5-644E6BAFEDBA}"
EndProject
Project("{FAE04EC0-301F-11D3-BF4B-00C04F79EFBC}") = "SBDice", "..\SBDice\SBDice.csproj", "{3270DF4F-E55E-4474-A4E3-1038D6A163F6}"
EndProject
Project("{FAE04EC0-301F-11D3-BF4B-00C04F79EFBC}") = "SBSpawnPlugins", "..\SBSpawnPlugins\SBSpawnPlugins.csproj", "{9B5C3B5D-E602-41F8-A452-857127F55E04}"
EndProject
Project("{FAE04EC0-301F-11D3-BF4B-00C04F79EFBC}") = "SBInsult", "..\SBInsult\SBInsult.csproj", "{B72A4083-7C22-4D2F-BC96-861D5A7C8E64}"
EndProject
Project("{FAE04EC0-301F-11D3-BF4B-00C04F79EFBC}") = "SBUserManager", "..\SBUserManager\SBUserManager.csproj", "{CA979D6D-1C0B-41FF-BCCF-A1ACAA356387}"
EndProject
Project("{FAE04EC0-301F-11D3-BF4B-00C04F79EFBC}") = "SBLetsPlayList", "..\SBLetsPlayList\SBLetsPlayList.csproj", "{1EB155A8-C5CB-40BD-A863-546D0741A58A}"
EndProject
Project("{FAE04EC0-301F-11D3-BF4B-00C04F79EFBC}") = "SBGameSales", "..\SBGameSales\SBGameSales.csproj", "{766BBD31-E81A-4CDE-A4BF-D8346BCE7027}"
EndProject
Project("{FAE04EC0-301F-11D3-BF4B-00C04F79EFBC}") = "xIrcNet", "..\xIrcNet\xIrcNet.csproj", "{E4E51BD6-F5D6-42ED-B9B0-36D15580433B}"
EndProject
Project("{FAE04EC0-301F-11D3-BF4B-00C04F79EFBC}") = "SBMindcrack", "..\SBMindcrack\SBMindcrack.csproj", "{09FDA3B5-B6FE-473A-9AA1-6FC60783DA3F}"
EndProject
Project("{FAE04EC0-301F-11D3-BF4B-00C04F79EFBC}") = "ConfigManager", "..\ConfigManager\ConfigManager.csproj", "{A9380850-363A-4AC8-BB2D-C6C3D30EECB6}"
EndProject
Global
	GlobalSection(SolutionConfigurationPlatforms) = preSolution
		Debug|Any CPU = Debug|Any CPU
		Release|Any CPU = Release|Any CPU
	EndGlobalSection
	GlobalSection(ProjectConfigurationPlatforms) = postSolution
		{C98DBFCB-7D6D-41D6-A9F8-D769951CF9D1}.Debug|Any CPU.ActiveCfg = Debug|Any CPU
		{C98DBFCB-7D6D-41D6-A9F8-D769951CF9D1}.Debug|Any CPU.Build.0 = Debug|Any CPU
		{C98DBFCB-7D6D-41D6-A9F8-D769951CF9D1}.Release|Any CPU.ActiveCfg = Release|Any CPU
		{C98DBFCB-7D6D-41D6-A9F8-D769951CF9D1}.Release|Any CPU.Build.0 = Release|Any CPU
		{8CFEF42B-B9DB-41F1-8CC9-DA996D3C44DD}.Debug|Any CPU.ActiveCfg = Debug|Any CPU
		{8CFEF42B-B9DB-41F1-8CC9-DA996D3C44DD}.Debug|Any CPU.Build.0 = Debug|Any CPU
		{8CFEF42B-B9DB-41F1-8CC9-DA996D3C44DD}.Release|Any CPU.ActiveCfg = Release|Any CPU
		{8CFEF42B-B9DB-41F1-8CC9-DA996D3C44DD}.Release|Any CPU.Build.0 = Release|Any CPU
		{A02DD804-6CAD-4D4A-BAC4-2569128AF8DA}.Debug|Any CPU.ActiveCfg = Debug|Any CPU
		{A02DD804-6CAD-4D4A-BAC4-2569128AF8DA}.Debug|Any CPU.Build.0 = Debug|Any CPU
		{A02DD804-6CAD-4D4A-BAC4-2569128AF8DA}.Release|Any CPU.ActiveCfg = Release|Any CPU
		{A02DD804-6CAD-4D4A-BAC4-2569128AF8DA}.Release|Any CPU.Build.0 = Release|Any CPU
		{E3705CA4-0588-4B72-BD5D-6EC5D8AEE6A8}.Debug|Any CPU.ActiveCfg = Debug|Any CPU
		{E3705CA4-0588-4B72-BD5D-6EC5D8AEE6A8}.Debug|Any CPU.Build.0 = Debug|Any CPU
		{E3705CA4-0588-4B72-BD5D-6EC5D8AEE6A8}.Release|Any CPU.ActiveCfg = Release|Any CPU
		{E3705CA4-0588-4B72-BD5D-6EC5D8AEE6A8}.Release|Any CPU.Build.0 = Release|Any CPU
		{A8167432-C7FB-440B-8A34-341983853A8A}.Debug|Any CPU.ActiveCfg = Debug|Any CPU
		{A8167432-C7FB-440B-8A34-341983853A8A}.Debug|Any CPU.Build.0 = Debug|Any CPU
		{A8167432-C7FB-440B-8A34-341983853A8A}.Release|Any CPU.ActiveCfg = Release|Any CPU
		{A8167432-C7FB-440B-8A34-341983853A8A}.Release|Any CPU.Build.0 = Release|Any CPU
		{0396691C-D537-47EB-B9F5-644E6BAFEDBA}.Debug|Any CPU.ActiveCfg = Debug|Any CPU
		{0396691C-D537-47EB-B9F5-644E6BAFEDBA}.Debug|Any CPU.Build.0 = Debug|Any CPU
		{0396691C-D537-47EB-B9F5-644E6BAFEDBA}.Release|Any CPU.ActiveCfg = Release|Any CPU
		{0396691C-D537-47EB-B9F5-644E6BAFEDBA}.Release|Any CPU.Build.0 = Release|Any CPU
		{3270DF4F-E55E-4474-A4E3-1038D6A163F6}.Debug|Any CPU.ActiveCfg = Debug|Any CPU
		{3270DF4F-E55E-4474-A4E3-1038D6A163F6}.Debug|Any CPU.Build.0 = Debug|Any CPU
		{3270DF4F-E55E-4474-A4E3-1038D6A163F6}.Release|Any CPU.ActiveCfg = Release|Any CPU
		{3270DF4F-E55E-4474-A4E3-1038D6A163F6}.Release|Any CPU.Build.0 = Release|Any CPU
		{9B5C3B5D-E602-41F8-A452-857127F55E04}.Debug|Any CPU.ActiveCfg = Debug|Any CPU
		{9B5C3B5D-E602-41F8-A452-857127F55E04}.Debug|Any CPU.Build.0 = Debug|Any CPU
		{9B5C3B5D-E602-41F8-A452-857127F55E04}.Release|Any CPU.ActiveCfg = Release|Any CPU
		{9B5C3B5D-E602-41F8-A452-857127F55E04}.Release|Any CPU.Build.0 = Release|Any CPU
		{B72A4083-7C22-4D2F-BC96-861D5A7C8E64}.Debug|Any CPU.ActiveCfg = Debug|Any CPU
		{B72A4083-7C22-4D2F-BC96-861D5A7C8E64}.Debug|Any CPU.Build.0 = Debug|Any CPU
		{B72A4083-7C22-4D2F-BC96-861D5A7C8E64}.Release|Any CPU.ActiveCfg = Release|Any CPU
		{B72A4083-7C22-4D2F-BC96-861D5A7C8E64}.Release|Any CPU.Build.0 = Release|Any CPU
		{CA979D6D-1C0B-41FF-BCCF-A1ACAA356387}.Debug|Any CPU.ActiveCfg = Debug|Any CPU
		{CA979D6D-1C0B-41FF-BCCF-A1ACAA356387}.Debug|Any CPU.Build.0 = Debug|Any CPU
		{CA979D6D-1C0B-41FF-BCCF-A1ACAA356387}.Release|Any CPU.ActiveCfg = Release|Any CPU
		{CA979D6D-1C0B-41FF-BCCF-A1ACAA356387}.Release|Any CPU.Build.0 = Release|Any CPU
		{1EB155A8-C5CB-40BD-A863-546D0741A58A}.Debug|Any CPU.ActiveCfg = Debug|Any CPU
		{1EB155A8-C5CB-40BD-A863-546D0741A58A}.Debug|Any CPU.Build.0 = Debug|Any CPU
		{1EB155A8-C5CB-40BD-A863-546D0741A58A}.Release|Any CPU.ActiveCfg = Release|Any CPU
		{1EB155A8-C5CB-40BD-A863-546D0741A58A}.Release|Any CPU.Build.0 = Release|Any CPU
		{766BBD31-E81A-4CDE-A4BF-D8346BCE7027}.Debug|Any CPU.ActiveCfg = Debug|Any CPU
		{766BBD31-E81A-4CDE-A4BF-D8346BCE7027}.Debug|Any CPU.Build.0 = Debug|Any CPU
		{766BBD31-E81A-4CDE-A4BF-D8346BCE7027}.Release|Any CPU.ActiveCfg = Release|Any CPU
		{766BBD31-E81A-4CDE-A4BF-D8346BCE7027}.Release|Any CPU.Build.0 = Release|Any CPU
		{E4E51BD6-F5D6-42ED-B9B0-36D15580433B}.Debug|Any CPU.ActiveCfg = Debug|Any CPU
		{E4E51BD6-F5D6-42ED-B9B0-36D15580433B}.Debug|Any CPU.Build.0 = Debug|Any CPU
		{E4E51BD6-F5D6-42ED-B9B0-36D15580433B}.Release|Any CPU.ActiveCfg = Release|Any CPU
		{E4E51BD6-F5D6-42ED-B9B0-36D15580433B}.Release|Any CPU.Build.0 = Release|Any CPU
		{09FDA3B5-B6FE-473A-9AA1-6FC60783DA3F}.Debug|Any CPU.ActiveCfg = Debug|Any CPU
		{09FDA3B5-B6FE-473A-9AA1-6FC60783DA3F}.Debug|Any CPU.Build.0 = Debug|Any CPU
		{09FDA3B5-B6FE-473A-9AA1-6FC60783DA3F}.Release|Any CPU.ActiveCfg = Release|Any CPU
		{09FDA3B5-B6FE-473A-9AA1-6FC60783DA3F}.Release|Any CPU.Build.0 = Release|Any CPU
		{A9380850-363A-4AC8-BB2D-C6C3D30EECB6}.Debug|Any CPU.ActiveCfg = Debug|Any CPU
		{A9380850-363A-4AC8-BB2D-C6C3D30EECB6}.Debug|Any CPU.Build.0 = Debug|Any CPU
		{A9380850-363A-4AC8-BB2D-C6C3D30EECB6}.Release|Any CPU.ActiveCfg = Release|Any CPU
		{A9380850-363A-4AC8-BB2D-C6C3D30EECB6}.Release|Any CPU.Build.0 = Release|Any CPU
	EndGlobalSection
	GlobalSection(SolutionProperties) = preSolution
		HideSolutionNode = FALSE
	EndGlobalSection
EndGlobal
